
Microsoft Visual Studio Solution File, Format Version 12.00
# Visual Studio Version 16
VisualStudioVersion = 16.0.31321.278
MinimumVisualStudioVersion = 10.0.40219.1
Project("{9A19103F-16F7-4668-BE54-9A1E7A4F7556}") = "FileSystemWeb", "FileSystemWeb\FileSystemWeb.csproj", "{CD019667-6798-428B-BB59-7FDD2A40B56D}"
EndProject
Project("{00D1A9C2-B5F0-4AF3-8072-F6C62B433612}") = "FileSystemDatabase", "FileSystemDatabase\FileSystemDatabase.sqlproj", "{F462BE76-9E0F-4120-8B58-E9C0668839FD}"
EndProject
Project("{9A19103F-16F7-4668-BE54-9A1E7A4F7556}") = "FileSystemBAL", "FileSystemBAL\FileSystemBAL.csproj", "{BF24804D-6E02-426E-93D2-E5ADC91D7AB2}"
EndProject
Project("{9A19103F-16F7-4668-BE54-9A1E7A4F7556}") = "FileSystemUtility", "FileSystemUtility\FileSystemUtility.csproj", "{D575BFB8-A269-44D1-9DB8-7C7F6E2FA1B6}"
EndProject
Global
	GlobalSection(SolutionConfigurationPlatforms) = preSolution
		Debug|Any CPU = Debug|Any CPU
		Release|Any CPU = Release|Any CPU
	EndGlobalSection
	GlobalSection(ProjectConfigurationPlatforms) = postSolution
		{CD019667-6798-428B-BB59-7FDD2A40B56D}.Debug|Any CPU.ActiveCfg = Debug|Any CPU
		{CD019667-6798-428B-BB59-7FDD2A40B56D}.Debug|Any CPU.Build.0 = Debug|Any CPU
		{CD019667-6798-428B-BB59-7FDD2A40B56D}.Release|Any CPU.ActiveCfg = Release|Any CPU
		{CD019667-6798-428B-BB59-7FDD2A40B56D}.Release|Any CPU.Build.0 = Release|Any CPU
		{F462BE76-9E0F-4120-8B58-E9C0668839FD}.Debug|Any CPU.ActiveCfg = Debug|Any CPU
		{F462BE76-9E0F-4120-8B58-E9C0668839FD}.Debug|Any CPU.Build.0 = Debug|Any CPU
		{F462BE76-9E0F-4120-8B58-E9C0668839FD}.Debug|Any CPU.Deploy.0 = Debug|Any CPU
		{F462BE76-9E0F-4120-8B58-E9C0668839FD}.Release|Any CPU.ActiveCfg = Release|Any CPU
		{F462BE76-9E0F-4120-8B58-E9C0668839FD}.Release|Any CPU.Build.0 = Release|Any CPU
		{F462BE76-9E0F-4120-8B58-E9C0668839FD}.Release|Any CPU.Deploy.0 = Release|Any CPU
		{BF24804D-6E02-426E-93D2-E5ADC91D7AB2}.Debug|Any CPU.ActiveCfg = Debug|Any CPU
		{BF24804D-6E02-426E-93D2-E5ADC91D7AB2}.Debug|Any CPU.Build.0 = Debug|Any CPU
		{BF24804D-6E02-426E-93D2-E5ADC91D7AB2}.Release|Any CPU.ActiveCfg = Release|Any CPU
		{BF24804D-6E02-426E-93D2-E5ADC91D7AB2}.Release|Any CPU.Build.0 = Release|Any CPU
		{D575BFB8-A269-44D1-9DB8-7C7F6E2FA1B6}.Debug|Any CPU.ActiveCfg = Debug|Any CPU
		{D575BFB8-A269-44D1-9DB8-7C7F6E2FA1B6}.Debug|Any CPU.Build.0 = Debug|Any CPU
		{D575BFB8-A269-44D1-9DB8-7C7F6E2FA1B6}.Release|Any CPU.ActiveCfg = Release|Any CPU
		{D575BFB8-A269-44D1-9DB8-7C7F6E2FA1B6}.Release|Any CPU.Build.0 = Release|Any CPU
	EndGlobalSection
	GlobalSection(SolutionProperties) = preSolution
		HideSolutionNode = FALSE
	EndGlobalSection
	GlobalSection(ExtensibilityGlobals) = postSolution
		SolutionGuid = {517A0186-EC2F-41D0-8788-E24CE49752F5}
	EndGlobalSection
EndGlobal
